
Microsoft Visual Studio Solution File, Format Version 12.00
# Visual Studio Version 17
VisualStudioVersion = 17.3.32929.385
MinimumVisualStudioVersion = 10.0.40219.1
Project("{FAE04EC0-301F-11D3-BF4B-00C04F79EFBC}") = "Overwatch", "Overwatch\Overwatch.csproj", "{B4029ACE-43C3-4717-9923-8EE9AD51C3B5}"
EndProject
Project("{FAE04EC0-301F-11D3-BF4B-00C04F79EFBC}") = "Overwatch.DataAccess", "Overwatch.DataAccess\Overwatch.DataAccess.csproj", "{3338E2B9-CB7F-4D26-8FE0-B904DA9979C7}"
EndProject
Project("{FAE04EC0-301F-11D3-BF4B-00C04F79EFBC}") = "Overwatch.Models", "Overwatch.Models\Overwatch.Models.csproj", "{A61A14D7-84A9-42AD-961D-7BBBD1AB2359}"
EndProject
Project("{FAE04EC0-301F-11D3-BF4B-00C04F79EFBC}") = "Overwatch.Utility", "Overwatch.Utility\Overwatch.Utility.csproj", "{402D8D65-2FB9-46C8-B27C-2FE23C464312}"
EndProject
Global
	GlobalSection(SolutionConfigurationPlatforms) = preSolution
		Debug|Any CPU = Debug|Any CPU
		Release|Any CPU = Release|Any CPU
	EndGlobalSection
	GlobalSection(ProjectConfigurationPlatforms) = postSolution
		{B4029ACE-43C3-4717-9923-8EE9AD51C3B5}.Debug|Any CPU.ActiveCfg = Debug|Any CPU
		{B4029ACE-43C3-4717-9923-8EE9AD51C3B5}.Debug|Any CPU.Build.0 = Debug|Any CPU
		{B4029ACE-43C3-4717-9923-8EE9AD51C3B5}.Release|Any CPU.ActiveCfg = Release|Any CPU
		{B4029ACE-43C3-4717-9923-8EE9AD51C3B5}.Release|Any CPU.Build.0 = Release|Any CPU
		{3338E2B9-CB7F-4D26-8FE0-B904DA9979C7}.Debug|Any CPU.ActiveCfg = Debug|Any CPU
		{3338E2B9-CB7F-4D26-8FE0-B904DA9979C7}.Debug|Any CPU.Build.0 = Debug|Any CPU
		{3338E2B9-CB7F-4D26-8FE0-B904DA9979C7}.Release|Any CPU.ActiveCfg = Release|Any CPU
		{3338E2B9-CB7F-4D26-8FE0-B904DA9979C7}.Release|Any CPU.Build.0 = Release|Any CPU
		{A61A14D7-84A9-42AD-961D-7BBBD1AB2359}.Debug|Any CPU.ActiveCfg = Debug|Any CPU
		{A61A14D7-84A9-42AD-961D-7BBBD1AB2359}.Debug|Any CPU.Build.0 = Debug|Any CPU
		{A61A14D7-84A9-42AD-961D-7BBBD1AB2359}.Release|Any CPU.ActiveCfg = Release|Any CPU
		{A61A14D7-84A9-42AD-961D-7BBBD1AB2359}.Release|Any CPU.Build.0 = Release|Any CPU
		{402D8D65-2FB9-46C8-B27C-2FE23C464312}.Debug|Any CPU.ActiveCfg = Debug|Any CPU
		{402D8D65-2FB9-46C8-B27C-2FE23C464312}.Debug|Any CPU.Build.0 = Debug|Any CPU
		{402D8D65-2FB9-46C8-B27C-2FE23C464312}.Release|Any CPU.ActiveCfg = Release|Any CPU
		{402D8D65-2FB9-46C8-B27C-2FE23C464312}.Release|Any CPU.Build.0 = Release|Any CPU
	EndGlobalSection
	GlobalSection(SolutionProperties) = preSolution
		HideSolutionNode = FALSE
	EndGlobalSection
	GlobalSection(ExtensibilityGlobals) = postSolution
		SolutionGuid = {D4195987-DA01-4903-AFFB-3EC8D6942841}
	EndGlobalSection
EndGlobal
